{
  "name": "@middy/warmup",
  "version": "4.7.1",
  "lockfileVersion": 3,
  "requires": true,
  "packages": {
    "": {
      "name": "@middy/warmup",
      "version": "4.7.1",
      "license": "MIT",
      "devDependencies": {
        "@middy/core": "4.7.1"
      },
      "engines": {
        "node": ">=16"
      },
      "funding": {
        "type": "github",
        "url": "https://github.com/sponsors/willfarrell"
      }
    },
    "node_modules/@middy/core": {
      "version": "4.7.0",
      "resolved": "https://registry.npmjs.org/@middy/core/-/core-4.7.0.tgz",
      "integrity": "sha512-yI++DmhDQ8+ugvY7+GrEnb2PF0M/6Wzbgu4Tf7QhOlhwKGDd4j6or+Ab7qYPWx+jnKf8F0tqlmh0gV4JLi0yHw==",
      "dev": true,
      "engines": {
        "node": ">=16"
      },
      "funding": {
        "type": "github",
        "url": "https://github.com/sponsors/willfarrell"
      }
    }
  }
}
